
Microsoft Visual Studio Solution File, Format Version 12.00
# Visual Studio Version 17
VisualStudioVersion = 17.14.36429.23
MinimumVisualStudioVersion = 10.0.40219.1
Project("{FAE04EC0-301F-11D3-BF4B-00C04F79EFBC}") = "Universal-XML-Auditor", "Universal-XML-Auditor\Universal-XML-Auditor.csproj", "{77BB5002-91CA-42CE-A4BE-622586A0E591}"
EndProject
Project("{FAE04EC0-301F-11D3-BF4B-00C04F79EFBC}") = "Universal-XML-Auditor.Tests", "Universal-XML-Auditor.Tests\Universal-XML-Auditor.Tests.csproj", "{2C2A6FA8-23DA-4E5E-B510-4271FE203A5A}"
EndProject
Global
	GlobalSection(SolutionConfigurationPlatforms) = preSolution
		Debug|Any CPU = Debug|Any CPU
		Debug|x64 = Debug|x64
		Debug|x86 = Debug|x86
		Release|Any CPU = Release|Any CPU
		Release|x64 = Release|x64
		Release|x86 = Release|x86
	EndGlobalSection
	GlobalSection(ProjectConfigurationPlatforms) = postSolution
		{77BB5002-91CA-42CE-A4BE-622586A0E591}.Debug|Any CPU.ActiveCfg = Debug|Any CPU
		{77BB5002-91CA-42CE-A4BE-622586A0E591}.Debug|Any CPU.Build.0 = Debug|Any CPU
		{77BB5002-91CA-42CE-A4BE-622586A0E591}.Debug|x64.ActiveCfg = Debug|Any CPU
		{77BB5002-91CA-42CE-A4BE-622586A0E591}.Debug|x64.Build.0 = Debug|Any CPU
		{77BB5002-91CA-42CE-A4BE-622586A0E591}.Debug|x86.ActiveCfg = Debug|Any CPU
		{77BB5002-91CA-42CE-A4BE-622586A0E591}.Debug|x86.Build.0 = Debug|Any CPU
		{77BB5002-91CA-42CE-A4BE-622586A0E591}.Release|Any CPU.ActiveCfg = Release|Any CPU
		{77BB5002-91CA-42CE-A4BE-622586A0E591}.Release|Any CPU.Build.0 = Release|Any CPU
		{77BB5002-91CA-42CE-A4BE-622586A0E591}.Release|x64.ActiveCfg = Release|Any CPU
		{77BB5002-91CA-42CE-A4BE-622586A0E591}.Release|x64.Build.0 = Release|Any CPU
		{77BB5002-91CA-42CE-A4BE-622586A0E591}.Release|x86.ActiveCfg = Release|Any CPU
		{77BB5002-91CA-42CE-A4BE-622586A0E591}.Release|x86.Build.0 = Release|Any CPU
		{2C2A6FA8-23DA-4E5E-B510-4271FE203A5A}.Debug|Any CPU.ActiveCfg = Debug|Any CPU
		{2C2A6FA8-23DA-4E5E-B510-4271FE203A5A}.Debug|Any CPU.Build.0 = Debug|Any CPU
		{2C2A6FA8-23DA-4E5E-B510-4271FE203A5A}.Debug|x64.ActiveCfg = Debug|Any CPU
		{2C2A6FA8-23DA-4E5E-B510-4271FE203A5A}.Debug|x64.Build.0 = Debug|Any CPU
		{2C2A6FA8-23DA-4E5E-B510-4271FE203A5A}.Debug|x86.ActiveCfg = Debug|Any CPU
		{2C2A6FA8-23DA-4E5E-B510-4271FE203A5A}.Debug|x86.Build.0 = Debug|Any CPU
		{2C2A6FA8-23DA-4E5E-B510-4271FE203A5A}.Release|Any CPU.ActiveCfg = Release|Any CPU
		{2C2A6FA8-23DA-4E5E-B510-4271FE203A5A}.Release|Any CPU.Build.0 = Release|Any CPU
		{2C2A6FA8-23DA-4E5E-B510-4271FE203A5A}.Release|x64.ActiveCfg = Release|Any CPU
		{2C2A6FA8-23DA-4E5E-B510-4271FE203A5A}.Release|x64.Build.0 = Release|Any CPU
		{2C2A6FA8-23DA-4E5E-B510-4271FE203A5A}.Release|x86.ActiveCfg = Release|Any CPU
		{2C2A6FA8-23DA-4E5E-B510-4271FE203A5A}.Release|x86.Build.0 = Release|Any CPU
	EndGlobalSection
	GlobalSection(SolutionProperties) = preSolution
		HideSolutionNode = FALSE
	EndGlobalSection
	GlobalSection(ExtensibilityGlobals) = postSolution
		SolutionGuid = {CDA50A65-6A34-4B92-91FE-F629FAAF6E38}
	EndGlobalSection
EndGlobal
